// !$*UTF8*$!
{
	archiveVersion = 1;
	classes = {
	};
	objectVersion = 46;
	objects = {

/* Begin PBXBuildFile section */
		CFEE695A1D87123A00101444 /* AppDelegate.swift in Sources */ = {isa = PBXBuildFile; fileRef = CFEE69591D87123A00101444 /* AppDelegate.swift */; };
		CFEE695C1D87123A00101444 /* ViewController.swift in Sources */ = {isa = PBXBuildFile; fileRef = CFEE695B1D87123A00101444 /* ViewController.swift */; };
		CFEE695F1D87123A00101444 /* Main.storyboard in Resources */ = {isa = PBXBuildFile; fileRef = CFEE695D1D87123A00101444 /* Main.storyboard */; };
		CFEE69611D87123A00101444 /* Assets.xcassets in Resources */ = {isa = PBXBuildFile; fileRef = CFEE69601D87123A00101444 /* Assets.xcassets */; };
		CFEE69641D87123A00101444 /* LaunchScreen.storyboard in Resources */ = {isa = PBXBuildFile; fileRef = CFEE69621D87123A00101444 /* LaunchScreen.storyboard */; };
/* End PBXBuildFile section */

/* Begin PBXFileReference section */
		CFEE69561D87123A00101444 /* PetYearCalculator.app */ = {isa = PBXFileReference; explicitFileType = wrapper.application; includeInIndex = 0; path = PetYearCalculator.app; sourceTree = BUILT_PRODUCTS_DIR; };
		CFEE69591D87123A00101444 /* AppDelegate.swift */ = {isa = PBXFileReference; lastKnownFileType = sourcecode.swift; path = AppDelegate.swift; sourceTree = "<group>"; };
		CFEE695B1D87123A00101444 /* ViewController.swift */ = {isa = PBXFileReference; lastKnownFileType = sourcecode.swift; path = ViewController.swift; sourceTree = "<group>"; };
		CFEE695E1D87123A00101444 /* Base */ = {isa = PBXFileReference; lastKnownFileType = file.storyboard; name = Base; path = Base.lproj/Main.storyboard; sourceTree = "<group>"; };
		CFEE69601D87123A00101444 /* Assets.xcassets */ = {isa = PBXFileReference; lastKnownFileType = folder.assetcatalog; path = Assets.xcassets; sourceTree = "<group>"; };
		CFEE69631D87123A00101444 /* Base */ = {isa = PBXFileReference; lastKnownFileType = file.storyboard; name = Base; path = Base.lproj/LaunchScreen.storyboard; sourceTree = "<group>"; };
		CFEE69651D87123A00101444 /* Info.plist */ = {isa = PBXFileReference; lastKnownFileType = text.plist.xml; path = Info.plist; sourceTree = "<group>"; };
/* End PBXFileReference section */

/* Begin PBXFrameworksBuildPhase section */
		CFEE69531D87123A00101444 /* Frameworks */ = {
			isa = PBXFrameworksBuildPhase;
			buildActionMask = 2147483647;
			files = (
			);
			runOnlyForDeploymentPostprocessing = 0;
		};
/* End PBXFrameworksBuildPhase section */

/* Begin PBXGroup section */
		CFEE694D1D87123A00101444 = {
			isa = PBXGroup;
			children = (
				CFEE69581D87123A00101444 /* PetYearCalculator */,
				CFEE69571D87123A00101444 /* Products */,
			);
			sourceTree = "<group>";
		};
		CFEE69571D87123A00101444 /* Products */ = {
			isa = PBXGroup;
			children = (
				CFEE69561D87123A00101444 /* PetYearCalculator.app */,
			);
			name = Products;
			sourceTree = "<group>";
		};
		CFEE69581D87123A00101444 /* PetYearCalculator */ = {
			isa = PBXGroup;
			children = (
				CFEE69591D87123A00101444 /* AppDelegate.swift */,
				CFEE695B1D87123A00101444 /* ViewController.swift */,
				CFEE695D1D87123A00101444 /* Main.storyboard */,
				CFEE69601D87123A00101444 /* Assets.xcassets */,
				CFEE69621D87123A00101444 /* LaunchScreen.storyboard */,
				CFEE69651D87123A00101444 /* Info.plist */,
			);
			path = PetYearCalculator;
			sourceTree = "<group>";
		};
/* End PBXGroup section */

/* Begin PBXNativeTarget section */
		CFEE69551D87123A00101444 /* PetYearCalculator */ = {
			isa = PBXNativeTarget;
			buildConfigurationList = CFEE69681D87123A00101444 /* Build configuration list for PBXNativeTarget "PetYearCalculator" */;
			buildPhases = (
				CFEE69521D87123A00101444 /* Sources */,
				CFEE69531D87123A00101444 /* Frameworks */,
				CFEE69541D87123A00101444 /* Resources */,
			);
			buildRules = (
			);
			dependencies = (
			);
			name = PetYearCalculator;
			productName = PetYearCalculator;
			productReference = CFEE69561D87123A00101444 /* PetYearCalculator.app */;
			productType = "com.apple.product-type.application";
		};
/* End PBXNativeTarget section */

/* Begin PBXProject section */
		CFEE694E1D87123A00101444 /* Project object */ = {
			isa = PBXProject;
			attributes = {
				LastSwiftUpdateCheck = 0730;
				LastUpgradeCheck = 0730;
				ORGANIZATIONNAME = "Allison Hoffman";
				TargetAttributes = {
					CFEE69551D87123A00101444 = {
						CreatedOnToolsVersion = 7.3.1;
					};
				};
			};
			buildConfigurationList = CFEE69511D87123A00101444 /* Build configuration list for PBXProject "PetYearCalculator" */;
			compatibilityVersion = "Xcode 3.2";
			developmentRegion = English;
			hasScannedForEncodings = 0;
			knownRegions = (
				en,
				Base,
			);
			mainGroup = CFEE694D1D87123A00101444;
			productRefGroup = CFEE69571D87123A00101444 /* Products */;
			projectDirPath = "";
			projectRoot = "";
			targets = (
				CFEE69551D87123A00101444 /* PetYearCalculator */,
			);
		};
/* End PBXProject section */

/* Begin PBXResourcesBuildPhase section */
		CFEE69541D87123A00101444 /* Resources */ = {
			isa = PBXResourcesBuildPhase;
			buildActionMask = 2147483647;
			files = (
				CFEE69641D87123A00101444 /* LaunchScreen.storyboard in Resources */,
				CFEE69611D87123A00101444 /* Assets.xcassets in Resources */,
				CFEE695F1D87123A00101444 /* Main.storyboard in Resources */,
			);
			runOnlyForDeploymentPostprocessing = 0;
		};
/* End PBXResourcesBuildPhase section */

/* Begin PBXSourcesBuildPhase section */
		CFEE69521D87123A00101444 /* Sources */ = {
			isa = PBXSourcesBuildPhase;
			buildActionMask = 2147483647;
			files = (
				CFEE695C1D87123A00101444 /* ViewController.swift in Sources */,
				CFEE695A1D87123A00101444 /* AppDelegate.swift in Sources */,
			);
			runOnlyForDeploymentPostprocessing = 0;
		};
/* End PBXSourcesBuildPhase section */

/* Begin PBXVariantGroup section */
		CFEE695D1D87123A00101444 /* Main.storyboard */ = {
			isa = PBXVariantGroup;
			children = (
				CFEE695E1D87123A00101444 /* Base */,
			);
			name = Main.storyboard;
			sourceTree = "<group>";
		};
		CFEE69621D87123A00101444 /* LaunchScreen.storyboard */ = {
			isa = PBXVariantGroup;
			children = (
				CFEE69631D87123A00101444 /* Base */,
			);
			name = LaunchScreen.storyboard;
			sourceTree = "<group>";
		};
/* End PBXVariantGroup section */

/* Begin XCBuildConfiguration section */
		CFEE69661D87123A00101444 /* Debug */ = {
			isa = XCBuildConfiguration;
			buildSettings = {
				ALWAYS_SEARCH_USER_PATHS = NO;
				CLANG_ANALYZER_NONNULL = YES;
				CLANG_CXX_LANGUAGE_STANDARD = "gnu++0x";
				CLANG_CXX_LIBRARY = "libc++";
				CLANG_ENABLE_MODULES = YES;
				CLANG_ENABLE_OBJC_ARC = YES;
				CLANG_WARN_BOOL_CONVERSION = YES;
				CLANG_WARN_CONSTANT_CONVERSION = YES;
				CLANG_WARN_DIRECT_OBJC_ISA_USAGE = YES_ERROR;
				CLANG_WARN_EMPTY_BODY = YES;
				CLANG_WARN_ENUM_CONVERSION = YES;
				CLANG_WARN_INT_CONVERSION = YES;
				CLANG_WARN_OBJC_ROOT_CLASS = YES_ERROR;
				CLANG_WARN_UNREACHABLE_CODE = YES;
				CLANG_WARN__DUPLICATE_METHOD_MATCH = YES;
				"CODE_SIGN_IDENTITY[sdk=iphoneos*]" = "iPhone Developer";
				COPY_PHASE_STRIP = NO;
				DEBUG_INFORMATION_FORMAT = dwarf;
				ENABLE_STRICT_OBJC_MSGSEND = YES;
				ENABLE_TESTABILITY = YES;
				GCC_C_LANGUAGE_STANDARD = gnu99;
				GCC_DYNAMIC_NO_PIC = NO;
				GCC_NO_COMMON_BLOCKS = YES;
				GCC_OPTIMIZATION_LEVEL = 0;
				GCC_PREPROCESSOR_DEFINITIONS = (
					"DEBUG=1",
					"$(inherited)",
				);
				GCC_WARN_64_TO_32_BIT_CONVERSION = YES;
				GCC_WARN_ABOUT_RETURN_TYPE = YES_ERROR;
				GCC_WARN_UNDECLARED_SELECTOR = YES;
				GCC_WARN_UNINITIALIZED_AUTOS = YES_AGGRESSIVE;
				GCC_WARN_UNUSED_FUNCTION = YES;
				GCC_WARN_UNUSED_VARIABLE = YES;
				IPHONEOS_DEPLOYMENT_TARGET = 9.3;
				MTL_ENABLE_DEBUG_INFO = YES;
				ONLY_ACTIVE_ARCH = YES;
				SDKROOT = iphoneos;
				SWIFT_OPTIMIZATION_LEVEL = "-Onone";
			};
			name = Debug;
		};
		CFEE69671D87123A00101444 /* Release */ = {
			isa = XCBuildConfiguration;
			buildSettings = {
				ALWAYS_SEARCH_USER_PATHS = NO;
				CLANG_ANALYZER_NONNULL = YES;
				CLANG_CXX_LANGUAGE_STANDARD = "gnu++0x";
				CLANG_CXX_LIBRARY = "libc++";
				CLANG_ENABLE_MODULES = YES;
				CLANG_ENABLE_OBJC_ARC = YES;
				CLANG_WARN_BOOL_CONVERSION = YES;
				CLANG_WARN_CONSTANT_CONVERSION = YES;
				CLANG_WARN_DIRECT_OBJC_ISA_USAGE = YES_ERROR;
				CLANG_WARN_EMPTY_BODY = YES;
				CLANG_WARN_ENUM_CONVERSION = YES;
				CLANG_WARN_INT_CONVERSION = YES;
				CLANG_WARN_OBJC_ROOT_CLASS = YES_ERROR;
				CLANG_WARN_UNREACHABLE_CODE = YES;
				CLANG_WARN__DUPLICATE_METHOD_MATCH = YES;
				"CODE_SIGN_IDENTITY[sdk=iphoneos*]" = "iPhone Developer";
				COPY_PHASE_STRIP = NO;
				DEBUG_INFORMATION_FORMAT = "dwarf-with-dsym";
				ENABLE_NS_ASSERTIONS = NO;
				ENABLE_STRICT_OBJC_MSGSEND = YES;
				GCC_C_LANGUAGE_STANDARD = gnu99;
				GCC_NO_COMMON_BLOCKS = YES;
				GCC_WARN_64_TO_32_BIT_CONVERSION = YES;
				GCC_WARN_ABOUT_RETURN_TYPE = YES_ERROR;
				GCC_WARN_UNDECLARED_SELECTOR = YES;
				GCC_WARN_UNINITIALIZED_AUTOS = YES_AGGRESSIVE;
				GCC_WARN_UNUSED_FUNCTION = YES;
				GCC_WARN_UNUSED_VARIABLE = YES;
				IPHONEOS_DEPLOYMENT_TARGET = 9.3;
				MTL_ENABLE_DEBUG_INFO = NO;
				SDKROOT = iphoneos;
				VALIDATE_PRODUCT = YES;
			};
			name = Release;
		};
		CFEE69691D87123A00101444 /* Debug */ = {
			isa = XCBuildConfiguration;
			buildSettings = {
				ASSETCATALOG_COMPILER_APPICON_NAME = AppIcon;
				INFOPLIST_FILE = PetYearCalculator/Info.plist;
				LD_RUNPATH_SEARCH_PATHS = "$(inherited) @executable_path/Frameworks";
				PRODUCT_BUNDLE_IDENTIFIER = tester.PetYearCalculator;
				PRODUCT_NAME = "$(TARGET_NAME)";
			};
			name = Debug;
		};
		CFEE696A1D87123A00101444 /* Release */ = {
			isa = XCBuildConfiguration;
			buildSettings = {
				ASSETCATALOG_COMPILER_APPICON_NAME = AppIcon;
				INFOPLIST_FILE = PetYearCalculator/Info.plist;
				LD_RUNPATH_SEARCH_PATHS = "$(inherited) @executable_path/Frameworks";
				PRODUCT_BUNDLE_IDENTIFIER = tester.PetYearCalculator;
				PRODUCT_NAME = "$(TARGET_NAME)";
			};
			name = Release;
		};
/* End XCBuildConfiguration section */

/* Begin XCConfigurationList section */
		CFEE69511D87123A00101444 /* Build configuration list for PBXProject "PetYearCalculator" */ = {
			isa = XCConfigurationList;
			buildConfigurations = (
				CFEE69661D87123A00101444 /* Debug */,
				CFEE69671D87123A00101444 /* Release */,
			);
			defaultConfigurationIsVisible = 0;
			defaultConfigurationName = Release;
		};
		CFEE69681D87123A00101444 /* Build configuration list for PBXNativeTarget "PetYearCalculator" */ = {
			isa = XCConfigurationList;
			buildConfigurations = (
				CFEE69691D87123A00101444 /* Debug */,
				CFEE696A1D87123A00101444 /* Release */,
			);
			defaultConfigurationIsVisible = 0;
		};
/* End XCConfigurationList section */
	};
	rootObject = CFEE694E1D87123A00101444 /* Project object */;
}
